
Microsoft Visual Studio Solution File, Format Version 12.00
# Visual Studio Version 16
VisualStudioVersion = 16.0.29306.81
MinimumVisualStudioVersion = 10.0.40219.1
Project("{8BC9CEB8-8B4A-11D0-8D11-00A0C91BC942}") = "chap6_6.55", "chap6_6.55.vcxproj", "{AAD412CE-7383-4A05-B161-AE95D664E153}"
EndProject
Global
	GlobalSection(SolutionConfigurationPlatforms) = preSolution
		Debug|x64 = Debug|x64
		Debug|x86 = Debug|x86
		Release|x64 = Release|x64
		Release|x86 = Release|x86
	EndGlobalSection
	GlobalSection(ProjectConfigurationPlatforms) = postSolution
		{AAD412CE-7383-4A05-B161-AE95D664E153}.Debug|x64.ActiveCfg = Debug|x64
		{AAD412CE-7383-4A05-B161-AE95D664E153}.Debug|x64.Build.0 = Debug|x64
		{AAD412CE-7383-4A05-B161-AE95D664E153}.Debug|x86.ActiveCfg = Debug|Win32
		{AAD412CE-7383-4A05-B161-AE95D664E153}.Debug|x86.Build.0 = Debug|Win32
		{AAD412CE-7383-4A05-B161-AE95D664E153}.Release|x64.ActiveCfg = Release|x64
		{AAD412CE-7383-4A05-B161-AE95D664E153}.Release|x64.Build.0 = Release|x64
		{AAD412CE-7383-4A05-B161-AE95D664E153}.Release|x86.ActiveCfg = Release|Win32
		{AAD412CE-7383-4A05-B161-AE95D664E153}.Release|x86.Build.0 = Release|Win32
	EndGlobalSection
	GlobalSection(SolutionProperties) = preSolution
		HideSolutionNode = FALSE
	EndGlobalSection
	GlobalSection(ExtensibilityGlobals) = postSolution
		SolutionGuid = {83B51364-184C-424D-87F9-8EB84F109575}
	EndGlobalSection
EndGlobal
