
Microsoft Visual Studio Solution File, Format Version 12.00
# Visual Studio Version 16
VisualStudioVersion = 16.0.30114.105
MinimumVisualStudioVersion = 10.0.40219.1
Project("{8BC9CEB8-8B4A-11D0-8D11-00A0C91BC942}") = "chap7_7.39", "chap7_7.39.vcxproj", "{DDE31655-5389-40C2-8824-F3C5C63B4B83}"
EndProject
Global
	GlobalSection(SolutionConfigurationPlatforms) = preSolution
		Debug|x64 = Debug|x64
		Debug|x86 = Debug|x86
		Release|x64 = Release|x64
		Release|x86 = Release|x86
	EndGlobalSection
	GlobalSection(ProjectConfigurationPlatforms) = postSolution
		{DDE31655-5389-40C2-8824-F3C5C63B4B83}.Debug|x64.ActiveCfg = Debug|x64
		{DDE31655-5389-40C2-8824-F3C5C63B4B83}.Debug|x64.Build.0 = Debug|x64
		{DDE31655-5389-40C2-8824-F3C5C63B4B83}.Debug|x86.ActiveCfg = Debug|Win32
		{DDE31655-5389-40C2-8824-F3C5C63B4B83}.Debug|x86.Build.0 = Debug|Win32
		{DDE31655-5389-40C2-8824-F3C5C63B4B83}.Release|x64.ActiveCfg = Release|x64
		{DDE31655-5389-40C2-8824-F3C5C63B4B83}.Release|x64.Build.0 = Release|x64
		{DDE31655-5389-40C2-8824-F3C5C63B4B83}.Release|x86.ActiveCfg = Release|Win32
		{DDE31655-5389-40C2-8824-F3C5C63B4B83}.Release|x86.Build.0 = Release|Win32
	EndGlobalSection
	GlobalSection(SolutionProperties) = preSolution
		HideSolutionNode = FALSE
	EndGlobalSection
	GlobalSection(ExtensibilityGlobals) = postSolution
		SolutionGuid = {9F3DEEF9-741D-4899-8DB4-F9B2C23C528C}
	EndGlobalSection
EndGlobal
