
Microsoft Visual Studio Solution File, Format Version 12.00
# Visual Studio Version 16
VisualStudioVersion = 16.0.28803.202
MinimumVisualStudioVersion = 10.0.40219.1
Project("{8BC9CEB8-8B4A-11D0-8D11-00A0C91BC942}") = "chap6_6.16", "chap6_6.16.vcxproj", "{82F0A82A-00AD-4AB3-A569-CBB06CA92BE1}"
EndProject
Global
	GlobalSection(SolutionConfigurationPlatforms) = preSolution
		Debug|x64 = Debug|x64
		Debug|x86 = Debug|x86
		Release|x64 = Release|x64
		Release|x86 = Release|x86
	EndGlobalSection
	GlobalSection(ProjectConfigurationPlatforms) = postSolution
		{82F0A82A-00AD-4AB3-A569-CBB06CA92BE1}.Debug|x64.ActiveCfg = Debug|x64
		{82F0A82A-00AD-4AB3-A569-CBB06CA92BE1}.Debug|x64.Build.0 = Debug|x64
		{82F0A82A-00AD-4AB3-A569-CBB06CA92BE1}.Debug|x86.ActiveCfg = Debug|Win32
		{82F0A82A-00AD-4AB3-A569-CBB06CA92BE1}.Debug|x86.Build.0 = Debug|Win32
		{82F0A82A-00AD-4AB3-A569-CBB06CA92BE1}.Release|x64.ActiveCfg = Release|x64
		{82F0A82A-00AD-4AB3-A569-CBB06CA92BE1}.Release|x64.Build.0 = Release|x64
		{82F0A82A-00AD-4AB3-A569-CBB06CA92BE1}.Release|x86.ActiveCfg = Release|Win32
		{82F0A82A-00AD-4AB3-A569-CBB06CA92BE1}.Release|x86.Build.0 = Release|Win32
	EndGlobalSection
	GlobalSection(SolutionProperties) = preSolution
		HideSolutionNode = FALSE
	EndGlobalSection
	GlobalSection(ExtensibilityGlobals) = postSolution
		SolutionGuid = {2F965B4D-1C55-4031-9E91-B4726594F58B}
	EndGlobalSection
EndGlobal
