
Microsoft Visual Studio Solution File, Format Version 12.00
# Visual Studio Version 16
VisualStudioVersion = 16.0.30114.105
MinimumVisualStudioVersion = 10.0.40219.1
Project("{8BC9CEB8-8B4A-11D0-8D11-00A0C91BC942}") = "chap7_7.48", "chap7_7.48.vcxproj", "{758181C8-7D1C-4DB1-AC34-8C066C390E97}"
EndProject
Global
	GlobalSection(SolutionConfigurationPlatforms) = preSolution
		Debug|x64 = Debug|x64
		Debug|x86 = Debug|x86
		Release|x64 = Release|x64
		Release|x86 = Release|x86
	EndGlobalSection
	GlobalSection(ProjectConfigurationPlatforms) = postSolution
		{758181C8-7D1C-4DB1-AC34-8C066C390E97}.Debug|x64.ActiveCfg = Debug|x64
		{758181C8-7D1C-4DB1-AC34-8C066C390E97}.Debug|x64.Build.0 = Debug|x64
		{758181C8-7D1C-4DB1-AC34-8C066C390E97}.Debug|x86.ActiveCfg = Debug|Win32
		{758181C8-7D1C-4DB1-AC34-8C066C390E97}.Debug|x86.Build.0 = Debug|Win32
		{758181C8-7D1C-4DB1-AC34-8C066C390E97}.Release|x64.ActiveCfg = Release|x64
		{758181C8-7D1C-4DB1-AC34-8C066C390E97}.Release|x64.Build.0 = Release|x64
		{758181C8-7D1C-4DB1-AC34-8C066C390E97}.Release|x86.ActiveCfg = Release|Win32
		{758181C8-7D1C-4DB1-AC34-8C066C390E97}.Release|x86.Build.0 = Release|Win32
	EndGlobalSection
	GlobalSection(SolutionProperties) = preSolution
		HideSolutionNode = FALSE
	EndGlobalSection
	GlobalSection(ExtensibilityGlobals) = postSolution
		SolutionGuid = {3B757A0F-A459-4031-A5CA-76D129CFDE84}
	EndGlobalSection
EndGlobal
