
Microsoft Visual Studio Solution File, Format Version 12.00
# Visual Studio Version 16
VisualStudioVersion = 16.0.30114.105
MinimumVisualStudioVersion = 10.0.40219.1
Project("{8BC9CEB8-8B4A-11D0-8D11-00A0C91BC942}") = "chap7_7.33", "chap7_7.33.vcxproj", "{B58782AC-4260-4787-BBAE-48911B2365CE}"
EndProject
Global
	GlobalSection(SolutionConfigurationPlatforms) = preSolution
		Debug|x64 = Debug|x64
		Debug|x86 = Debug|x86
		Release|x64 = Release|x64
		Release|x86 = Release|x86
	EndGlobalSection
	GlobalSection(ProjectConfigurationPlatforms) = postSolution
		{B58782AC-4260-4787-BBAE-48911B2365CE}.Debug|x64.ActiveCfg = Debug|x64
		{B58782AC-4260-4787-BBAE-48911B2365CE}.Debug|x64.Build.0 = Debug|x64
		{B58782AC-4260-4787-BBAE-48911B2365CE}.Debug|x86.ActiveCfg = Debug|Win32
		{B58782AC-4260-4787-BBAE-48911B2365CE}.Debug|x86.Build.0 = Debug|Win32
		{B58782AC-4260-4787-BBAE-48911B2365CE}.Release|x64.ActiveCfg = Release|x64
		{B58782AC-4260-4787-BBAE-48911B2365CE}.Release|x64.Build.0 = Release|x64
		{B58782AC-4260-4787-BBAE-48911B2365CE}.Release|x86.ActiveCfg = Release|Win32
		{B58782AC-4260-4787-BBAE-48911B2365CE}.Release|x86.Build.0 = Release|Win32
	EndGlobalSection
	GlobalSection(SolutionProperties) = preSolution
		HideSolutionNode = FALSE
	EndGlobalSection
	GlobalSection(ExtensibilityGlobals) = postSolution
		SolutionGuid = {23B5ACBF-D442-41DA-AF72-FE374BCC62C1}
	EndGlobalSection
EndGlobal
