
Microsoft Visual Studio Solution File, Format Version 12.00
# Visual Studio Version 16
VisualStudioVersion = 16.0.30114.105
MinimumVisualStudioVersion = 10.0.40219.1
Project("{8BC9CEB8-8B4A-11D0-8D11-00A0C91BC942}") = "chap7_7.38", "chap7_7.38.vcxproj", "{97D70C2F-3601-48BA-A4C3-1F8B303BAD62}"
EndProject
Global
	GlobalSection(SolutionConfigurationPlatforms) = preSolution
		Debug|x64 = Debug|x64
		Debug|x86 = Debug|x86
		Release|x64 = Release|x64
		Release|x86 = Release|x86
	EndGlobalSection
	GlobalSection(ProjectConfigurationPlatforms) = postSolution
		{97D70C2F-3601-48BA-A4C3-1F8B303BAD62}.Debug|x64.ActiveCfg = Debug|x64
		{97D70C2F-3601-48BA-A4C3-1F8B303BAD62}.Debug|x64.Build.0 = Debug|x64
		{97D70C2F-3601-48BA-A4C3-1F8B303BAD62}.Debug|x86.ActiveCfg = Debug|Win32
		{97D70C2F-3601-48BA-A4C3-1F8B303BAD62}.Debug|x86.Build.0 = Debug|Win32
		{97D70C2F-3601-48BA-A4C3-1F8B303BAD62}.Release|x64.ActiveCfg = Release|x64
		{97D70C2F-3601-48BA-A4C3-1F8B303BAD62}.Release|x64.Build.0 = Release|x64
		{97D70C2F-3601-48BA-A4C3-1F8B303BAD62}.Release|x86.ActiveCfg = Release|Win32
		{97D70C2F-3601-48BA-A4C3-1F8B303BAD62}.Release|x86.Build.0 = Release|Win32
	EndGlobalSection
	GlobalSection(SolutionProperties) = preSolution
		HideSolutionNode = FALSE
	EndGlobalSection
	GlobalSection(ExtensibilityGlobals) = postSolution
		SolutionGuid = {097AB507-F8A5-466B-9A92-7D3C0EB677B2}
	EndGlobalSection
EndGlobal
