
Microsoft Visual Studio Solution File, Format Version 12.00
# Visual Studio Version 16
VisualStudioVersion = 16.0.30204.135
MinimumVisualStudioVersion = 10.0.40219.1
Project("{8BC9CEB8-8B4A-11D0-8D11-00A0C91BC942}") = "chap14_14.17", "chap14_14.17.vcxproj", "{06CD1C72-CD7F-44BB-84DF-723D5645C7F1}"
EndProject
Global
	GlobalSection(SolutionConfigurationPlatforms) = preSolution
		Debug|x64 = Debug|x64
		Debug|x86 = Debug|x86
		Release|x64 = Release|x64
		Release|x86 = Release|x86
	EndGlobalSection
	GlobalSection(ProjectConfigurationPlatforms) = postSolution
		{06CD1C72-CD7F-44BB-84DF-723D5645C7F1}.Debug|x64.ActiveCfg = Debug|x64
		{06CD1C72-CD7F-44BB-84DF-723D5645C7F1}.Debug|x64.Build.0 = Debug|x64
		{06CD1C72-CD7F-44BB-84DF-723D5645C7F1}.Debug|x86.ActiveCfg = Debug|Win32
		{06CD1C72-CD7F-44BB-84DF-723D5645C7F1}.Debug|x86.Build.0 = Debug|Win32
		{06CD1C72-CD7F-44BB-84DF-723D5645C7F1}.Release|x64.ActiveCfg = Release|x64
		{06CD1C72-CD7F-44BB-84DF-723D5645C7F1}.Release|x64.Build.0 = Release|x64
		{06CD1C72-CD7F-44BB-84DF-723D5645C7F1}.Release|x86.ActiveCfg = Release|Win32
		{06CD1C72-CD7F-44BB-84DF-723D5645C7F1}.Release|x86.Build.0 = Release|Win32
	EndGlobalSection
	GlobalSection(SolutionProperties) = preSolution
		HideSolutionNode = FALSE
	EndGlobalSection
	GlobalSection(ExtensibilityGlobals) = postSolution
		SolutionGuid = {97A1401B-1264-49F4-8D9C-9B0122BE9D86}
	EndGlobalSection
EndGlobal
