
Microsoft Visual Studio Solution File, Format Version 12.00
# Visual Studio Version 16
VisualStudioVersion = 16.0.30204.135
MinimumVisualStudioVersion = 10.0.40219.1
Project("{8BC9CEB8-8B4A-11D0-8D11-00A0C91BC942}") = "chap13_13.23", "chap13_13.23.vcxproj", "{96E84CDB-6B21-4873-8869-5E38C0624071}"
EndProject
Global
	GlobalSection(SolutionConfigurationPlatforms) = preSolution
		Debug|x64 = Debug|x64
		Debug|x86 = Debug|x86
		Release|x64 = Release|x64
		Release|x86 = Release|x86
	EndGlobalSection
	GlobalSection(ProjectConfigurationPlatforms) = postSolution
		{96E84CDB-6B21-4873-8869-5E38C0624071}.Debug|x64.ActiveCfg = Debug|x64
		{96E84CDB-6B21-4873-8869-5E38C0624071}.Debug|x64.Build.0 = Debug|x64
		{96E84CDB-6B21-4873-8869-5E38C0624071}.Debug|x86.ActiveCfg = Debug|Win32
		{96E84CDB-6B21-4873-8869-5E38C0624071}.Debug|x86.Build.0 = Debug|Win32
		{96E84CDB-6B21-4873-8869-5E38C0624071}.Release|x64.ActiveCfg = Release|x64
		{96E84CDB-6B21-4873-8869-5E38C0624071}.Release|x64.Build.0 = Release|x64
		{96E84CDB-6B21-4873-8869-5E38C0624071}.Release|x86.ActiveCfg = Release|Win32
		{96E84CDB-6B21-4873-8869-5E38C0624071}.Release|x86.Build.0 = Release|Win32
	EndGlobalSection
	GlobalSection(SolutionProperties) = preSolution
		HideSolutionNode = FALSE
	EndGlobalSection
	GlobalSection(ExtensibilityGlobals) = postSolution
		SolutionGuid = {3412DA81-C48A-4EFB-8C59-584632BC9560}
	EndGlobalSection
EndGlobal
