
Microsoft Visual Studio Solution File, Format Version 12.00
# Visual Studio Version 16
VisualStudioVersion = 16.0.30114.105
MinimumVisualStudioVersion = 10.0.40219.1
Project("{8BC9CEB8-8B4A-11D0-8D11-00A0C91BC942}") = "chap7_7.32", "chap7_7.32.vcxproj", "{4209ACB2-A0FF-4FAD-9BB2-F15AB9D65B7D}"
EndProject
Global
	GlobalSection(SolutionConfigurationPlatforms) = preSolution
		Debug|x64 = Debug|x64
		Debug|x86 = Debug|x86
		Release|x64 = Release|x64
		Release|x86 = Release|x86
	EndGlobalSection
	GlobalSection(ProjectConfigurationPlatforms) = postSolution
		{4209ACB2-A0FF-4FAD-9BB2-F15AB9D65B7D}.Debug|x64.ActiveCfg = Debug|x64
		{4209ACB2-A0FF-4FAD-9BB2-F15AB9D65B7D}.Debug|x64.Build.0 = Debug|x64
		{4209ACB2-A0FF-4FAD-9BB2-F15AB9D65B7D}.Debug|x86.ActiveCfg = Debug|Win32
		{4209ACB2-A0FF-4FAD-9BB2-F15AB9D65B7D}.Debug|x86.Build.0 = Debug|Win32
		{4209ACB2-A0FF-4FAD-9BB2-F15AB9D65B7D}.Release|x64.ActiveCfg = Release|x64
		{4209ACB2-A0FF-4FAD-9BB2-F15AB9D65B7D}.Release|x64.Build.0 = Release|x64
		{4209ACB2-A0FF-4FAD-9BB2-F15AB9D65B7D}.Release|x86.ActiveCfg = Release|Win32
		{4209ACB2-A0FF-4FAD-9BB2-F15AB9D65B7D}.Release|x86.Build.0 = Release|Win32
	EndGlobalSection
	GlobalSection(SolutionProperties) = preSolution
		HideSolutionNode = FALSE
	EndGlobalSection
	GlobalSection(ExtensibilityGlobals) = postSolution
		SolutionGuid = {1B811892-2642-4A29-B025-0B570099F93A}
	EndGlobalSection
EndGlobal
