
Microsoft Visual Studio Solution File, Format Version 12.00
# Visual Studio Version 16
VisualStudioVersion = 16.0.29306.81
MinimumVisualStudioVersion = 10.0.40219.1
Project("{8BC9CEB8-8B4A-11D0-8D11-00A0C91BC942}") = "chap6_6.47", "chap6_6.47.vcxproj", "{50F38CA1-BF1A-4105-AE65-0531B22D8E59}"
EndProject
Global
	GlobalSection(SolutionConfigurationPlatforms) = preSolution
		Debug|x64 = Debug|x64
		Debug|x86 = Debug|x86
		Release|x64 = Release|x64
		Release|x86 = Release|x86
	EndGlobalSection
	GlobalSection(ProjectConfigurationPlatforms) = postSolution
		{50F38CA1-BF1A-4105-AE65-0531B22D8E59}.Debug|x64.ActiveCfg = Debug|x64
		{50F38CA1-BF1A-4105-AE65-0531B22D8E59}.Debug|x64.Build.0 = Debug|x64
		{50F38CA1-BF1A-4105-AE65-0531B22D8E59}.Debug|x86.ActiveCfg = Debug|Win32
		{50F38CA1-BF1A-4105-AE65-0531B22D8E59}.Debug|x86.Build.0 = Debug|Win32
		{50F38CA1-BF1A-4105-AE65-0531B22D8E59}.Release|x64.ActiveCfg = Release|x64
		{50F38CA1-BF1A-4105-AE65-0531B22D8E59}.Release|x64.Build.0 = Release|x64
		{50F38CA1-BF1A-4105-AE65-0531B22D8E59}.Release|x86.ActiveCfg = Release|Win32
		{50F38CA1-BF1A-4105-AE65-0531B22D8E59}.Release|x86.Build.0 = Release|Win32
	EndGlobalSection
	GlobalSection(SolutionProperties) = preSolution
		HideSolutionNode = FALSE
	EndGlobalSection
	GlobalSection(ExtensibilityGlobals) = postSolution
		SolutionGuid = {3BBF9513-AE0F-4D46-B7F6-686C0539C0CF}
	EndGlobalSection
EndGlobal
