
Microsoft Visual Studio Solution File, Format Version 12.00
# Visual Studio Version 16
VisualStudioVersion = 16.0.28803.352
MinimumVisualStudioVersion = 10.0.40219.1
Project("{8BC9CEB8-8B4A-11D0-8D11-00A0C91BC942}") = "chap6_6.30", "chap6_6.30.vcxproj", "{1BA2770B-3127-4AC0-9135-EC1ED75DC0AC}"
EndProject
Global
	GlobalSection(SolutionConfigurationPlatforms) = preSolution
		Debug|x64 = Debug|x64
		Debug|x86 = Debug|x86
		Release|x64 = Release|x64
		Release|x86 = Release|x86
	EndGlobalSection
	GlobalSection(ProjectConfigurationPlatforms) = postSolution
		{1BA2770B-3127-4AC0-9135-EC1ED75DC0AC}.Debug|x64.ActiveCfg = Debug|x64
		{1BA2770B-3127-4AC0-9135-EC1ED75DC0AC}.Debug|x64.Build.0 = Debug|x64
		{1BA2770B-3127-4AC0-9135-EC1ED75DC0AC}.Debug|x86.ActiveCfg = Debug|Win32
		{1BA2770B-3127-4AC0-9135-EC1ED75DC0AC}.Debug|x86.Build.0 = Debug|Win32
		{1BA2770B-3127-4AC0-9135-EC1ED75DC0AC}.Release|x64.ActiveCfg = Release|x64
		{1BA2770B-3127-4AC0-9135-EC1ED75DC0AC}.Release|x64.Build.0 = Release|x64
		{1BA2770B-3127-4AC0-9135-EC1ED75DC0AC}.Release|x86.ActiveCfg = Release|Win32
		{1BA2770B-3127-4AC0-9135-EC1ED75DC0AC}.Release|x86.Build.0 = Release|Win32
	EndGlobalSection
	GlobalSection(SolutionProperties) = preSolution
		HideSolutionNode = FALSE
	EndGlobalSection
	GlobalSection(ExtensibilityGlobals) = postSolution
		SolutionGuid = {06103A6C-9B35-47E9-A7CE-C97057B1CE4D}
	EndGlobalSection
EndGlobal
