
Microsoft Visual Studio Solution File, Format Version 12.00
# Visual Studio Version 16
VisualStudioVersion = 16.0.30204.135
MinimumVisualStudioVersion = 10.0.40219.1
Project("{8BC9CEB8-8B4A-11D0-8D11-00A0C91BC942}") = "chap9_9.5", "chap9_9.5.vcxproj", "{9A065F64-EC2B-45A8-9D79-CB0E3397E7BF}"
EndProject
Global
	GlobalSection(SolutionConfigurationPlatforms) = preSolution
		Debug|x64 = Debug|x64
		Debug|x86 = Debug|x86
		Release|x64 = Release|x64
		Release|x86 = Release|x86
	EndGlobalSection
	GlobalSection(ProjectConfigurationPlatforms) = postSolution
		{9A065F64-EC2B-45A8-9D79-CB0E3397E7BF}.Debug|x64.ActiveCfg = Debug|x64
		{9A065F64-EC2B-45A8-9D79-CB0E3397E7BF}.Debug|x64.Build.0 = Debug|x64
		{9A065F64-EC2B-45A8-9D79-CB0E3397E7BF}.Debug|x86.ActiveCfg = Debug|Win32
		{9A065F64-EC2B-45A8-9D79-CB0E3397E7BF}.Debug|x86.Build.0 = Debug|Win32
		{9A065F64-EC2B-45A8-9D79-CB0E3397E7BF}.Release|x64.ActiveCfg = Release|x64
		{9A065F64-EC2B-45A8-9D79-CB0E3397E7BF}.Release|x64.Build.0 = Release|x64
		{9A065F64-EC2B-45A8-9D79-CB0E3397E7BF}.Release|x86.ActiveCfg = Release|Win32
		{9A065F64-EC2B-45A8-9D79-CB0E3397E7BF}.Release|x86.Build.0 = Release|Win32
	EndGlobalSection
	GlobalSection(SolutionProperties) = preSolution
		HideSolutionNode = FALSE
	EndGlobalSection
	GlobalSection(ExtensibilityGlobals) = postSolution
		SolutionGuid = {1C1D1CB6-8659-42AF-8BE2-8FBB43EFF5CF}
	EndGlobalSection
EndGlobal
