
Microsoft Visual Studio Solution File, Format Version 12.00
# Visual Studio Version 16
VisualStudioVersion = 16.0.30204.135
MinimumVisualStudioVersion = 10.0.40219.1
Project("{8BC9CEB8-8B4A-11D0-8D11-00A0C91BC942}") = "chap14_14.37", "chap14_14.37.vcxproj", "{9E587A37-C8BD-4124-8E24-6611CC3EE583}"
EndProject
Global
	GlobalSection(SolutionConfigurationPlatforms) = preSolution
		Debug|x64 = Debug|x64
		Debug|x86 = Debug|x86
		Release|x64 = Release|x64
		Release|x86 = Release|x86
	EndGlobalSection
	GlobalSection(ProjectConfigurationPlatforms) = postSolution
		{9E587A37-C8BD-4124-8E24-6611CC3EE583}.Debug|x64.ActiveCfg = Debug|x64
		{9E587A37-C8BD-4124-8E24-6611CC3EE583}.Debug|x64.Build.0 = Debug|x64
		{9E587A37-C8BD-4124-8E24-6611CC3EE583}.Debug|x86.ActiveCfg = Debug|Win32
		{9E587A37-C8BD-4124-8E24-6611CC3EE583}.Debug|x86.Build.0 = Debug|Win32
		{9E587A37-C8BD-4124-8E24-6611CC3EE583}.Release|x64.ActiveCfg = Release|x64
		{9E587A37-C8BD-4124-8E24-6611CC3EE583}.Release|x64.Build.0 = Release|x64
		{9E587A37-C8BD-4124-8E24-6611CC3EE583}.Release|x86.ActiveCfg = Release|Win32
		{9E587A37-C8BD-4124-8E24-6611CC3EE583}.Release|x86.Build.0 = Release|Win32
	EndGlobalSection
	GlobalSection(SolutionProperties) = preSolution
		HideSolutionNode = FALSE
	EndGlobalSection
	GlobalSection(ExtensibilityGlobals) = postSolution
		SolutionGuid = {4CB0B54F-66C8-4F97-A515-F5D4C8AAA99F}
	EndGlobalSection
EndGlobal
