
Microsoft Visual Studio Solution File, Format Version 12.00
# Visual Studio Version 16
VisualStudioVersion = 16.0.30204.135
MinimumVisualStudioVersion = 10.0.40219.1
Project("{8BC9CEB8-8B4A-11D0-8D11-00A0C91BC942}") = "chap13_13.9", "chap13_13.9.vcxproj", "{0A56D776-AE06-444D-8974-43804D727C6C}"
EndProject
Global
	GlobalSection(SolutionConfigurationPlatforms) = preSolution
		Debug|x64 = Debug|x64
		Debug|x86 = Debug|x86
		Release|x64 = Release|x64
		Release|x86 = Release|x86
	EndGlobalSection
	GlobalSection(ProjectConfigurationPlatforms) = postSolution
		{0A56D776-AE06-444D-8974-43804D727C6C}.Debug|x64.ActiveCfg = Debug|x64
		{0A56D776-AE06-444D-8974-43804D727C6C}.Debug|x64.Build.0 = Debug|x64
		{0A56D776-AE06-444D-8974-43804D727C6C}.Debug|x86.ActiveCfg = Debug|Win32
		{0A56D776-AE06-444D-8974-43804D727C6C}.Debug|x86.Build.0 = Debug|Win32
		{0A56D776-AE06-444D-8974-43804D727C6C}.Release|x64.ActiveCfg = Release|x64
		{0A56D776-AE06-444D-8974-43804D727C6C}.Release|x64.Build.0 = Release|x64
		{0A56D776-AE06-444D-8974-43804D727C6C}.Release|x86.ActiveCfg = Release|Win32
		{0A56D776-AE06-444D-8974-43804D727C6C}.Release|x86.Build.0 = Release|Win32
	EndGlobalSection
	GlobalSection(SolutionProperties) = preSolution
		HideSolutionNode = FALSE
	EndGlobalSection
	GlobalSection(ExtensibilityGlobals) = postSolution
		SolutionGuid = {F62CDE06-1C7A-4BFE-B402-C80273F4EBD1}
	EndGlobalSection
EndGlobal
